
Microsoft Visual Studio Solution File, Format Version 12.00
# Visual Studio 15
VisualStudioVersion = 15.0.26730.10
MinimumVisualStudioVersion = 10.0.40219.1
Project("{FAE04EC0-301F-11D3-BF4B-00C04F79EFBC}") = "BilletSystem", "BilletSystem\BilletSystem.csproj", "{0212B86B-6694-4799-A25E-D8C5E3C3C225}"
EndProject
Project("{FAE04EC0-301F-11D3-BF4B-00C04F79EFBC}") = "BilletSystemDLL", "BilletSystemDLL\BilletSystemDLL.csproj", "{B52483B7-5B97-4C1C-A212-97840653B26F}"
EndProject
Global
	GlobalSection(SolutionConfigurationPlatforms) = preSolution
		Debug|Any CPU = Debug|Any CPU
		Release|Any CPU = Release|Any CPU
	EndGlobalSection
	GlobalSection(ProjectConfigurationPlatforms) = postSolution
		{0212B86B-6694-4799-A25E-D8C5E3C3C225}.Debug|Any CPU.ActiveCfg = Debug|Any CPU
		{0212B86B-6694-4799-A25E-D8C5E3C3C225}.Debug|Any CPU.Build.0 = Debug|Any CPU
		{0212B86B-6694-4799-A25E-D8C5E3C3C225}.Release|Any CPU.ActiveCfg = Release|Any CPU
		{0212B86B-6694-4799-A25E-D8C5E3C3C225}.Release|Any CPU.Build.0 = Release|Any CPU
		{B52483B7-5B97-4C1C-A212-97840653B26F}.Debug|Any CPU.ActiveCfg = Debug|Any CPU
		{B52483B7-5B97-4C1C-A212-97840653B26F}.Debug|Any CPU.Build.0 = Debug|Any CPU
		{B52483B7-5B97-4C1C-A212-97840653B26F}.Release|Any CPU.ActiveCfg = Release|Any CPU
		{B52483B7-5B97-4C1C-A212-97840653B26F}.Release|Any CPU.Build.0 = Release|Any CPU
	EndGlobalSection
	GlobalSection(SolutionProperties) = preSolution
		HideSolutionNode = FALSE
	EndGlobalSection
	GlobalSection(ExtensibilityGlobals) = postSolution
		SolutionGuid = {1E8B42A9-8AF0-493F-98BA-18288C38A1FC}
	EndGlobalSection
EndGlobal
